{
  "nodes": {
    "nixpkgs": {
      "locked": {
        "lastModified": 1771177547,
        "narHash": "sha256-trTtk3WTOHz7hSw89xIIvahkgoFJYQ0G43IlqprFoMA=",
        "owner": "nixos",
        "repo": "nixpkgs",
        "rev": "ac055f38c798b0d87695240c7b761b82fc7e5bc2",
        "type": "github"
      },
      "original": {
        "owner": "nixos",
        "ref": "nixpkgs-unstable",
        "repo": "nixpkgs",
        "type": "github"
      }
    },
    "nixpkgs-stable": {
      "locked": {
        "lastModified": 1771208521,
        "narHash": "sha256-X01Q3DgSpjeBpapoGA4rzKOn25qdKxbPnxHeMLNoHTU=",
        "owner": "nixos",
        "repo": "nixpkgs",
        "rev": "fa56d7d6de78f5a7f997b0ea2bc6efd5868ad9e8",
        "type": "github"
      },
      "original": {
        "owner": "nixos",
        "ref": "nixos-25.11",
        "repo": "nixpkgs",
        "type": "github"
      }
    },
    "nixpkgs-unstable": {
      "locked": {
        "lastModified": 1771369470,
        "narHash": "sha256-0NBlEBKkN3lufyvFegY4TYv5mCNHbi5OmBDrzihbBMQ=",
        "owner": "nixos",
        "repo": "nixpkgs",
        "rev": "0182a361324364ae3f436a63005877674cf45efb",
        "type": "github"
      },
      "original": {
        "owner": "nixos",
        "ref": "nixos-unstable",
        "repo": "nixpkgs",
        "type": "github"
      }
    },
    "root": {
      "inputs": {
        "nixpkgs": "nixpkgs",
        "nixpkgs-stable": "nixpkgs-stable",
        "nixpkgs-unstable": "nixpkgs-unstable"
      }
    }
  },
  "root": "root",
  "version": 7
}
